
Microsoft Visual Studio Solution File, Format Version 12.00
# Visual Studio 15
VisualStudioVersion = 15.0.28010.2016
MinimumVisualStudioVersion = 10.0.40219.1
Project("{FAE04EC0-301F-11D3-BF4B-00C04F79EFBC}") = "ProjetoMobile.Android", "ProjetoMobile\ProjetoMobile.Android\ProjetoMobile.Android.csproj", "{A82287FC-83D0-476C-8830-4F340DD83254}"
EndProject
Project("{FAE04EC0-301F-11D3-BF4B-00C04F79EFBC}") = "ProjetoMobile.iOS", "ProjetoMobile\ProjetoMobile.iOS\ProjetoMobile.iOS.csproj", "{96EBCCCE-076F-4468-A52F-BCAED75FB51B}"
EndProject
Project("{FAE04EC0-301F-11D3-BF4B-00C04F79EFBC}") = "ProjetoMobile", "ProjetoMobile\ProjetoMobile\ProjetoMobile.csproj", "{314D5F8A-6FA1-40E2-B007-6A6BB8CC61AD}"
EndProject
Global
	GlobalSection(SolutionConfigurationPlatforms) = preSolution
		Ad-Hoc|Any CPU = Ad-Hoc|Any CPU
		Ad-Hoc|iPhone = Ad-Hoc|iPhone
		Ad-Hoc|iPhoneSimulator = Ad-Hoc|iPhoneSimulator
		AppStore|Any CPU = AppStore|Any CPU
		AppStore|iPhone = AppStore|iPhone
		AppStore|iPhoneSimulator = AppStore|iPhoneSimulator
		Debug|Any CPU = Debug|Any CPU
		Debug|iPhone = Debug|iPhone
		Debug|iPhoneSimulator = Debug|iPhoneSimulator
		Release|Any CPU = Release|Any CPU
		Release|iPhone = Release|iPhone
		Release|iPhoneSimulator = Release|iPhoneSimulator
	EndGlobalSection
	GlobalSection(ProjectConfigurationPlatforms) = postSolution
		{A82287FC-83D0-476C-8830-4F340DD83254}.Ad-Hoc|Any CPU.ActiveCfg = Release|Any CPU
		{A82287FC-83D0-476C-8830-4F340DD83254}.Ad-Hoc|Any CPU.Build.0 = Release|Any CPU
		{A82287FC-83D0-476C-8830-4F340DD83254}.Ad-Hoc|Any CPU.Deploy.0 = Release|Any CPU
		{A82287FC-83D0-476C-8830-4F340DD83254}.Ad-Hoc|iPhone.ActiveCfg = Release|Any CPU
		{A82287FC-83D0-476C-8830-4F340DD83254}.Ad-Hoc|iPhone.Build.0 = Release|Any CPU
		{A82287FC-83D0-476C-8830-4F340DD83254}.Ad-Hoc|iPhone.Deploy.0 = Release|Any CPU
		{A82287FC-83D0-476C-8830-4F340DD83254}.Ad-Hoc|iPhoneSimulator.ActiveCfg = Release|Any CPU
		{A82287FC-83D0-476C-8830-4F340DD83254}.Ad-Hoc|iPhoneSimulator.Build.0 = Release|Any CPU
		{A82287FC-83D0-476C-8830-4F340DD83254}.Ad-Hoc|iPhoneSimulator.Deploy.0 = Release|Any CPU
		{A82287FC-83D0-476C-8830-4F340DD83254}.AppStore|Any CPU.ActiveCfg = Release|Any CPU
		{A82287FC-83D0-476C-8830-4F340DD83254}.AppStore|Any CPU.Build.0 = Release|Any CPU
		{A82287FC-83D0-476C-8830-4F340DD83254}.AppStore|Any CPU.Deploy.0 = Release|Any CPU
		{A82287FC-83D0-476C-8830-4F340DD83254}.AppStore|iPhone.ActiveCfg = Release|Any CPU
		{A82287FC-83D0-476C-8830-4F340DD83254}.AppStore|iPhone.Build.0 = Release|Any CPU
		{A82287FC-83D0-476C-8830-4F340DD83254}.AppStore|iPhone.Deploy.0 = Release|Any CPU
		{A82287FC-83D0-476C-8830-4F340DD83254}.AppStore|iPhoneSimulator.ActiveCfg = Release|Any CPU
		{A82287FC-83D0-476C-8830-4F340DD83254}.AppStore|iPhoneSimulator.Build.0 = Release|Any CPU
		{A82287FC-83D0-476C-8830-4F340DD83254}.AppStore|iPhoneSimulator.Deploy.0 = Release|Any CPU
		{A82287FC-83D0-476C-8830-4F340DD83254}.Debug|Any CPU.ActiveCfg = Debug|Any CPU
		{A82287FC-83D0-476C-8830-4F340DD83254}.Debug|Any CPU.Build.0 = Debug|Any CPU
		{A82287FC-83D0-476C-8830-4F340DD83254}.Debug|Any CPU.Deploy.0 = Debug|Any CPU
		{A82287FC-83D0-476C-8830-4F340DD83254}.Debug|iPhone.ActiveCfg = Debug|Any CPU
		{A82287FC-83D0-476C-8830-4F340DD83254}.Debug|iPhone.Build.0 = Debug|Any CPU
		{A82287FC-83D0-476C-8830-4F340DD83254}.Debug|iPhone.Deploy.0 = Debug|Any CPU
		{A82287FC-83D0-476C-8830-4F340DD83254}.Debug|iPhoneSimulator.ActiveCfg = Debug|Any CPU
		{A82287FC-83D0-476C-8830-4F340DD83254}.Debug|iPhoneSimulator.Build.0 = Debug|Any CPU
		{A82287FC-83D0-476C-8830-4F340DD83254}.Debug|iPhoneSimulator.Deploy.0 = Debug|Any CPU
		{A82287FC-83D0-476C-8830-4F340DD83254}.Release|Any CPU.ActiveCfg = Release|Any CPU
		{A82287FC-83D0-476C-8830-4F340DD83254}.Release|Any CPU.Build.0 = Release|Any CPU
		{A82287FC-83D0-476C-8830-4F340DD83254}.Release|Any CPU.Deploy.0 = Release|Any CPU
		{A82287FC-83D0-476C-8830-4F340DD83254}.Release|iPhone.ActiveCfg = Release|Any CPU
		{A82287FC-83D0-476C-8830-4F340DD83254}.Release|iPhone.Build.0 = Release|Any CPU
		{A82287FC-83D0-476C-8830-4F340DD83254}.Release|iPhone.Deploy.0 = Release|Any CPU
		{A82287FC-83D0-476C-8830-4F340DD83254}.Release|iPhoneSimulator.ActiveCfg = Release|Any CPU
		{A82287FC-83D0-476C-8830-4F340DD83254}.Release|iPhoneSimulator.Build.0 = Release|Any CPU
		{A82287FC-83D0-476C-8830-4F340DD83254}.Release|iPhoneSimulator.Deploy.0 = Release|Any CPU
		{96EBCCCE-076F-4468-A52F-BCAED75FB51B}.Ad-Hoc|Any CPU.ActiveCfg = Ad-Hoc|iPhone
		{96EBCCCE-076F-4468-A52F-BCAED75FB51B}.Ad-Hoc|Any CPU.Build.0 = Ad-Hoc|iPhone
		{96EBCCCE-076F-4468-A52F-BCAED75FB51B}.Ad-Hoc|Any CPU.Deploy.0 = Ad-Hoc|iPhone
		{96EBCCCE-076F-4468-A52F-BCAED75FB51B}.Ad-Hoc|iPhone.ActiveCfg = Ad-Hoc|iPhone
		{96EBCCCE-076F-4468-A52F-BCAED75FB51B}.Ad-Hoc|iPhone.Build.0 = Ad-Hoc|iPhone
		{96EBCCCE-076F-4468-A52F-BCAED75FB51B}.Ad-Hoc|iPhone.Deploy.0 = Ad-Hoc|iPhone
		{96EBCCCE-076F-4468-A52F-BCAED75FB51B}.Ad-Hoc|iPhoneSimulator.ActiveCfg = Ad-Hoc|iPhoneSimulator
		{96EBCCCE-076F-4468-A52F-BCAED75FB51B}.Ad-Hoc|iPhoneSimulator.Build.0 = Ad-Hoc|iPhoneSimulator
		{96EBCCCE-076F-4468-A52F-BCAED75FB51B}.Ad-Hoc|iPhoneSimulator.Deploy.0 = Ad-Hoc|iPhoneSimulator
		{96EBCCCE-076F-4468-A52F-BCAED75FB51B}.AppStore|Any CPU.ActiveCfg = AppStore|iPhone
		{96EBCCCE-076F-4468-A52F-BCAED75FB51B}.AppStore|Any CPU.Build.0 = AppStore|iPhone
		{96EBCCCE-076F-4468-A52F-BCAED75FB51B}.AppStore|Any CPU.Deploy.0 = AppStore|iPhone
		{96EBCCCE-076F-4468-A52F-BCAED75FB51B}.AppStore|iPhone.ActiveCfg = AppStore|iPhone
		{96EBCCCE-076F-4468-A52F-BCAED75FB51B}.AppStore|iPhone.Build.0 = AppStore|iPhone
		{96EBCCCE-076F-4468-A52F-BCAED75FB51B}.AppStore|iPhone.Deploy.0 = AppStore|iPhone
		{96EBCCCE-076F-4468-A52F-BCAED75FB51B}.AppStore|iPhoneSimulator.ActiveCfg = AppStore|iPhoneSimulator
		{96EBCCCE-076F-4468-A52F-BCAED75FB51B}.AppStore|iPhoneSimulator.Build.0 = AppStore|iPhoneSimulator
		{96EBCCCE-076F-4468-A52F-BCAED75FB51B}.AppStore|iPhoneSimulator.Deploy.0 = AppStore|iPhoneSimulator
		{96EBCCCE-076F-4468-A52F-BCAED75FB51B}.Debug|Any CPU.ActiveCfg = Debug|iPhoneSimulator
		{96EBCCCE-076F-4468-A52F-BCAED75FB51B}.Debug|Any CPU.Deploy.0 = Debug|iPhoneSimulator
		{96EBCCCE-076F-4468-A52F-BCAED75FB51B}.Debug|iPhone.ActiveCfg = Debug|iPhone
		{96EBCCCE-076F-4468-A52F-BCAED75FB51B}.Debug|iPhone.Build.0 = Debug|iPhone
		{96EBCCCE-076F-4468-A52F-BCAED75FB51B}.Debug|iPhone.Deploy.0 = Debug|iPhone
		{96EBCCCE-076F-4468-A52F-BCAED75FB51B}.Debug|iPhoneSimulator.ActiveCfg = Debug|iPhoneSimulator
		{96EBCCCE-076F-4468-A52F-BCAED75FB51B}.Debug|iPhoneSimulator.Build.0 = Debug|iPhoneSimulator
		{96EBCCCE-076F-4468-A52F-BCAED75FB51B}.Debug|iPhoneSimulator.Deploy.0 = Debug|iPhoneSimulator
		{96EBCCCE-076F-4468-A52F-BCAED75FB51B}.Release|Any CPU.ActiveCfg = Release|iPhone
		{96EBCCCE-076F-4468-A52F-BCAED75FB51B}.Release|Any CPU.Build.0 = Release|iPhone
		{96EBCCCE-076F-4468-A52F-BCAED75FB51B}.Release|Any CPU.Deploy.0 = Release|iPhone
		{96EBCCCE-076F-4468-A52F-BCAED75FB51B}.Release|iPhone.ActiveCfg = Release|iPhone
		{96EBCCCE-076F-4468-A52F-BCAED75FB51B}.Release|iPhone.Build.0 = Release|iPhone
		{96EBCCCE-076F-4468-A52F-BCAED75FB51B}.Release|iPhone.Deploy.0 = Release|iPhone
		{96EBCCCE-076F-4468-A52F-BCAED75FB51B}.Release|iPhoneSimulator.ActiveCfg = Release|iPhoneSimulator
		{96EBCCCE-076F-4468-A52F-BCAED75FB51B}.Release|iPhoneSimulator.Build.0 = Release|iPhoneSimulator
		{96EBCCCE-076F-4468-A52F-BCAED75FB51B}.Release|iPhoneSimulator.Deploy.0 = Release|iPhoneSimulator
		{314D5F8A-6FA1-40E2-B007-6A6BB8CC61AD}.Ad-Hoc|Any CPU.ActiveCfg = Debug|Any CPU
		{314D5F8A-6FA1-40E2-B007-6A6BB8CC61AD}.Ad-Hoc|Any CPU.Build.0 = Debug|Any CPU
		{314D5F8A-6FA1-40E2-B007-6A6BB8CC61AD}.Ad-Hoc|Any CPU.Deploy.0 = Debug|Any CPU
		{314D5F8A-6FA1-40E2-B007-6A6BB8CC61AD}.Ad-Hoc|iPhone.ActiveCfg = Debug|Any CPU
		{314D5F8A-6FA1-40E2-B007-6A6BB8CC61AD}.Ad-Hoc|iPhone.Build.0 = Debug|Any CPU
		{314D5F8A-6FA1-40E2-B007-6A6BB8CC61AD}.Ad-Hoc|iPhone.Deploy.0 = Debug|Any CPU
		{314D5F8A-6FA1-40E2-B007-6A6BB8CC61AD}.Ad-Hoc|iPhoneSimulator.ActiveCfg = Debug|Any CPU
		{314D5F8A-6FA1-40E2-B007-6A6BB8CC61AD}.Ad-Hoc|iPhoneSimulator.Build.0 = Debug|Any CPU
		{314D5F8A-6FA1-40E2-B007-6A6BB8CC61AD}.Ad-Hoc|iPhoneSimulator.Deploy.0 = Debug|Any CPU
		{314D5F8A-6FA1-40E2-B007-6A6BB8CC61AD}.AppStore|Any CPU.ActiveCfg = Debug|Any CPU
		{314D5F8A-6FA1-40E2-B007-6A6BB8CC61AD}.AppStore|Any CPU.Build.0 = Debug|Any CPU
		{314D5F8A-6FA1-40E2-B007-6A6BB8CC61AD}.AppStore|Any CPU.Deploy.0 = Debug|Any CPU
		{314D5F8A-6FA1-40E2-B007-6A6BB8CC61AD}.AppStore|iPhone.ActiveCfg = Debug|Any CPU
		{314D5F8A-6FA1-40E2-B007-6A6BB8CC61AD}.AppStore|iPhone.Build.0 = Debug|Any CPU
		{314D5F8A-6FA1-40E2-B007-6A6BB8CC61AD}.AppStore|iPhone.Deploy.0 = Debug|Any CPU
		{314D5F8A-6FA1-40E2-B007-6A6BB8CC61AD}.AppStore|iPhoneSimulator.ActiveCfg = Debug|Any CPU
		{314D5F8A-6FA1-40E2-B007-6A6BB8CC61AD}.AppStore|iPhoneSimulator.Build.0 = Debug|Any CPU
		{314D5F8A-6FA1-40E2-B007-6A6BB8CC61AD}.AppStore|iPhoneSimulator.Deploy.0 = Debug|Any CPU
		{314D5F8A-6FA1-40E2-B007-6A6BB8CC61AD}.Debug|Any CPU.ActiveCfg = Debug|Any CPU
		{314D5F8A-6FA1-40E2-B007-6A6BB8CC61AD}.Debug|Any CPU.Build.0 = Debug|Any CPU
		{314D5F8A-6FA1-40E2-B007-6A6BB8CC61AD}.Debug|Any CPU.Deploy.0 = Debug|Any CPU
		{314D5F8A-6FA1-40E2-B007-6A6BB8CC61AD}.Debug|iPhone.ActiveCfg = Debug|Any CPU
		{314D5F8A-6FA1-40E2-B007-6A6BB8CC61AD}.Debug|iPhone.Build.0 = Debug|Any CPU
		{314D5F8A-6FA1-40E2-B007-6A6BB8CC61AD}.Debug|iPhone.Deploy.0 = Debug|Any CPU
		{314D5F8A-6FA1-40E2-B007-6A6BB8CC61AD}.Debug|iPhoneSimulator.ActiveCfg = Debug|Any CPU
		{314D5F8A-6FA1-40E2-B007-6A6BB8CC61AD}.Debug|iPhoneSimulator.Build.0 = Debug|Any CPU
		{314D5F8A-6FA1-40E2-B007-6A6BB8CC61AD}.Debug|iPhoneSimulator.Deploy.0 = Debug|Any CPU
		{314D5F8A-6FA1-40E2-B007-6A6BB8CC61AD}.Release|Any CPU.ActiveCfg = Release|Any CPU
		{314D5F8A-6FA1-40E2-B007-6A6BB8CC61AD}.Release|Any CPU.Build.0 = Release|Any CPU
		{314D5F8A-6FA1-40E2-B007-6A6BB8CC61AD}.Release|Any CPU.Deploy.0 = Release|Any CPU
		{314D5F8A-6FA1-40E2-B007-6A6BB8CC61AD}.Release|iPhone.ActiveCfg = Release|Any CPU
		{314D5F8A-6FA1-40E2-B007-6A6BB8CC61AD}.Release|iPhone.Build.0 = Release|Any CPU
		{314D5F8A-6FA1-40E2-B007-6A6BB8CC61AD}.Release|iPhone.Deploy.0 = Release|Any CPU
		{314D5F8A-6FA1-40E2-B007-6A6BB8CC61AD}.Release|iPhoneSimulator.ActiveCfg = Release|Any CPU
		{314D5F8A-6FA1-40E2-B007-6A6BB8CC61AD}.Release|iPhoneSimulator.Build.0 = Release|Any CPU
		{314D5F8A-6FA1-40E2-B007-6A6BB8CC61AD}.Release|iPhoneSimulator.Deploy.0 = Release|Any CPU
	EndGlobalSection
	GlobalSection(SolutionProperties) = preSolution
		HideSolutionNode = FALSE
	EndGlobalSection
	GlobalSection(ExtensibilityGlobals) = postSolution
		SolutionGuid = {B9354909-D783-4D1B-BEA0-7BE8273AA1DC}
	EndGlobalSection
EndGlobal
